
Microsoft Visual Studio Solution File, Format Version 12.00
# Visual Studio Version 16
VisualStudioVersion = 16.0.31129.286
MinimumVisualStudioVersion = 10.0.40219.1
Project("{FAE04EC0-301F-11D3-BF4B-00C04F79EFBC}") = "Post_Comment", "Post_Comment\Post_Comment.csproj", "{6984708F-F61A-4ECF-8377-039265F860C7}"
EndProject
Global
	GlobalSection(SolutionConfigurationPlatforms) = preSolution
		Debug|Any CPU = Debug|Any CPU
		Release|Any CPU = Release|Any CPU
	EndGlobalSection
	GlobalSection(ProjectConfigurationPlatforms) = postSolution
		{6984708F-F61A-4ECF-8377-039265F860C7}.Debug|Any CPU.ActiveCfg = Debug|Any CPU
		{6984708F-F61A-4ECF-8377-039265F860C7}.Debug|Any CPU.Build.0 = Debug|Any CPU
		{6984708F-F61A-4ECF-8377-039265F860C7}.Release|Any CPU.ActiveCfg = Release|Any CPU
		{6984708F-F61A-4ECF-8377-039265F860C7}.Release|Any CPU.Build.0 = Release|Any CPU
	EndGlobalSection
	GlobalSection(SolutionProperties) = preSolution
		HideSolutionNode = FALSE
	EndGlobalSection
	GlobalSection(ExtensibilityGlobals) = postSolution
		SolutionGuid = {A0A23B21-5F0F-42FE-A5D9-865A654B1F9F}
	EndGlobalSection
EndGlobal
